
Microsoft Visual Studio Solution File, Format Version 12.00
# Visual Studio Version 17
VisualStudioVersion = 17.14.37614.0
MinimumVisualStudioVersion = 10.0.40219.1
Project("{2150E333-8FDC-42A3-9474-1A3956D46DE8}") = "Task0", "Task0", "{02EA681E-C7D8-13C7-8484-4AC65E1B71E8}"
EndProject
Project("{FAE04EC0-301F-11D3-BF4B-00C04F79EFBC}") = "Tyuiu.TaranIV.Sprint1.Task0.V28", "Tyuiu.TaranIV.Sprint1.Task0.V0\Tyuiu.TaranIV.Sprint1.Task0.V28.csproj", "{BFBD8C74-E8BF-43ED-89D7-4EDE08B67858}"
EndProject
Project("{FAE04EC0-301F-11D3-BF4B-00C04F79EFBC}") = "Tyuiu.TaranIV.Sprint1.Task0.V28.Lib", "Tyuiu.TaranIV.Sprint1.Task0.V0.Lib\Tyuiu.TaranIV.Sprint1.Task0.V28.Lib.csproj", "{FAE0D6A2-EC4A-49D6-84C6-DAB7A6E1CCB8}"
EndProject
Project("{FAE04EC0-301F-11D3-BF4B-00C04F79EFBC}") = "Tyuiu.TaranIV.Sprint1.Task0.V28.Test", "Tyuiu.TaranIV.Sprint1.Task0.V0.Test\Tyuiu.TaranIV.Sprint1.Task0.V28.Test.csproj", "{CC02AFF3-9860-4B2E-9B0F-7510F08557F1}"
EndProject
Project("{2150E333-8FDC-42A3-9474-1A3956D46DE8}") = "Task1", "Task1", "{F2029B8C-A259-48FA-B1ED-FEB405D7845B}"
EndProject
Project("{FAE04EC0-301F-11D3-BF4B-00C04F79EFBC}") = "Tyuiu.TaranIV.Sprint1.Task1.V17", "Tyuiu.TaranIV.Sprint1.Task1.V0\Tyuiu.TaranIV.Sprint1.Task1.V17.csproj", "{71C89ECC-0071-4CC3-95D3-F68D7BB4FC9B}"
EndProject
Project("{FAE04EC0-301F-11D3-BF4B-00C04F79EFBC}") = "Tyuiu.TaranIV.Sprint1.Task1.V17.Lib", "Tyuiu.TaranIV.Sprint1.Task1.V0.Lib\Tyuiu.TaranIV.Sprint1.Task1.V17.Lib.csproj", "{39B44100-523B-4021-8564-998796847C2E}"
EndProject
Project("{FAE04EC0-301F-11D3-BF4B-00C04F79EFBC}") = "Tyuiu.TaranIV.Sprint1.Task1.V17.Test", "Tyuiu.TaranIV.Sprint1.Task1.V0.Test\Tyuiu.TaranIV.Sprint1.Task1.V17.Test.csproj", "{D7FEC070-56B2-481C-8BEA-5584B4623599}"
EndProject
Project("{2150E333-8FDC-42A3-9474-1A3956D46DE8}") = "Task2", "Task2", "{C15E6F83-708F-4D88-B7C3-144CC52B0802}"
EndProject
Project("{FAE04EC0-301F-11D3-BF4B-00C04F79EFBC}") = "Tyuiu.TaranIV.Sprint1.Task2.V21", "Tyuiu.TaranIV.Sprint1.Task2.V21\Tyuiu.TaranIV.Sprint1.Task2.V21.csproj", "{ED81A680-4CDE-4951-896B-C15BAE8DBC5D}"
EndProject
Project("{FAE04EC0-301F-11D3-BF4B-00C04F79EFBC}") = "Tyuiu.TaranIV.Sprint1.Task2.V21.Lib", "Tyuiu.TaranIV.Sprint1.Task2.V21.Lib\Tyuiu.TaranIV.Sprint1.Task2.V21.Lib.csproj", "{147210F2-62D0-4FD1-9851-201411F91DFC}"
EndProject
Project("{FAE04EC0-301F-11D3-BF4B-00C04F79EFBC}") = "Tyuiu.TaranIV.Sprint1.Task2.V21.Test", "Tyuiu.TaranIV.Sprint1.Task2.V21.Test\Tyuiu.TaranIV.Sprint1.Task2.V21.Test.csproj", "{6DCDF07E-4D1D-47A8-8719-2C40E1039CA5}"
EndProject
Project("{2150E333-8FDC-42A3-9474-1A3956D46DE8}") = "Task3", "Task3", "{2DB8CD40-BF60-4CEF-985D-E4CF91F1EB4D}"
EndProject
Project("{FAE04EC0-301F-11D3-BF4B-00C04F79EFBC}") = "Tyuiu.TaranIV.Sprint1.Task3.V12", "Tyuiu.TaranIV.Sprint1.Task3.V12\Tyuiu.TaranIV.Sprint1.Task3.V12.csproj", "{97B32BEF-D0FC-4D81-AA54-EF5DE7B9B477}"
EndProject
Project("{FAE04EC0-301F-11D3-BF4B-00C04F79EFBC}") = "Tyuiu.TaranIV.Sprint1.Task3.V12.Lib", "Tyuiu.TaranIV.Sprint1.Task3.V12.Lib\Tyuiu.TaranIV.Sprint1.Task3.V12.Lib.csproj", "{5AD19831-DBB5-432E-AC12-AB436C718B92}"
EndProject
Project("{FAE04EC0-301F-11D3-BF4B-00C04F79EFBC}") = "Tyuiu.TaranIV.Sprint1.Task3.V12.Test", "Tyuiu.TaranIV.Sprint1.Task3.V12.Test\Tyuiu.TaranIV.Sprint1.Task3.V12.Test.csproj", "{3F7F5D31-4AD1-439F-93B7-B6871DACCA00}"
EndProject
Global
	GlobalSection(SolutionConfigurationPlatforms) = preSolution
		Debug|Any CPU = Debug|Any CPU
		Release|Any CPU = Release|Any CPU
	EndGlobalSection
	GlobalSection(ProjectConfigurationPlatforms) = postSolution
		{BFBD8C74-E8BF-43ED-89D7-4EDE08B67858}.Debug|Any CPU.ActiveCfg = Debug|Any CPU
		{BFBD8C74-E8BF-43ED-89D7-4EDE08B67858}.Debug|Any CPU.Build.0 = Debug|Any CPU
		{BFBD8C74-E8BF-43ED-89D7-4EDE08B67858}.Release|Any CPU.ActiveCfg = Release|Any CPU
		{BFBD8C74-E8BF-43ED-89D7-4EDE08B67858}.Release|Any CPU.Build.0 = Release|Any CPU
		{FAE0D6A2-EC4A-49D6-84C6-DAB7A6E1CCB8}.Debug|Any CPU.ActiveCfg = Debug|Any CPU
		{FAE0D6A2-EC4A-49D6-84C6-DAB7A6E1CCB8}.Debug|Any CPU.Build.0 = Debug|Any CPU
		{FAE0D6A2-EC4A-49D6-84C6-DAB7A6E1CCB8}.Release|Any CPU.ActiveCfg = Release|Any CPU
		{FAE0D6A2-EC4A-49D6-84C6-DAB7A6E1CCB8}.Release|Any CPU.Build.0 = Release|Any CPU
		{CC02AFF3-9860-4B2E-9B0F-7510F08557F1}.Debug|Any CPU.ActiveCfg = Debug|Any CPU
		{CC02AFF3-9860-4B2E-9B0F-7510F08557F1}.Debug|Any CPU.Build.0 = Debug|Any CPU
		{CC02AFF3-9860-4B2E-9B0F-7510F08557F1}.Release|Any CPU.ActiveCfg = Release|Any CPU
		{CC02AFF3-9860-4B2E-9B0F-7510F08557F1}.Release|Any CPU.Build.0 = Release|Any CPU
		{71C89ECC-0071-4CC3-95D3-F68D7BB4FC9B}.Debug|Any CPU.ActiveCfg = Debug|Any CPU
		{71C89ECC-0071-4CC3-95D3-F68D7BB4FC9B}.Debug|Any CPU.Build.0 = Debug|Any CPU
		{71C89ECC-0071-4CC3-95D3-F68D7BB4FC9B}.Release|Any CPU.ActiveCfg = Release|Any CPU
		{71C89ECC-0071-4CC3-95D3-F68D7BB4FC9B}.Release|Any CPU.Build.0 = Release|Any CPU
		{39B44100-523B-4021-8564-998796847C2E}.Debug|Any CPU.ActiveCfg = Debug|Any CPU
		{39B44100-523B-4021-8564-998796847C2E}.Debug|Any CPU.Build.0 = Debug|Any CPU
		{39B44100-523B-4021-8564-998796847C2E}.Release|Any CPU.ActiveCfg = Release|Any CPU
		{39B44100-523B-4021-8564-998796847C2E}.Release|Any CPU.Build.0 = Release|Any CPU
		{D7FEC070-56B2-481C-8BEA-5584B4623599}.Debug|Any CPU.ActiveCfg = Debug|Any CPU
		{D7FEC070-56B2-481C-8BEA-5584B4623599}.Debug|Any CPU.Build.0 = Debug|Any CPU
		{D7FEC070-56B2-481C-8BEA-5584B4623599}.Release|Any CPU.ActiveCfg = Release|Any CPU
		{D7FEC070-56B2-481C-8BEA-5584B4623599}.Release|Any CPU.Build.0 = Release|Any CPU
		{ED81A680-4CDE-4951-896B-C15BAE8DBC5D}.Debug|Any CPU.ActiveCfg = Debug|Any CPU
		{ED81A680-4CDE-4951-896B-C15BAE8DBC5D}.Debug|Any CPU.Build.0 = Debug|Any CPU
		{ED81A680-4CDE-4951-896B-C15BAE8DBC5D}.Release|Any CPU.ActiveCfg = Release|Any CPU
		{ED81A680-4CDE-4951-896B-C15BAE8DBC5D}.Release|Any CPU.Build.0 = Release|Any CPU
		{147210F2-62D0-4FD1-9851-201411F91DFC}.Debug|Any CPU.ActiveCfg = Debug|Any CPU
		{147210F2-62D0-4FD1-9851-201411F91DFC}.Debug|Any CPU.Build.0 = Debug|Any CPU
		{147210F2-62D0-4FD1-9851-201411F91DFC}.Release|Any CPU.ActiveCfg = Release|Any CPU
		{147210F2-62D0-4FD1-9851-201411F91DFC}.Release|Any CPU.Build.0 = Release|Any CPU
		{6DCDF07E-4D1D-47A8-8719-2C40E1039CA5}.Debug|Any CPU.ActiveCfg = Debug|Any CPU
		{6DCDF07E-4D1D-47A8-8719-2C40E1039CA5}.Debug|Any CPU.Build.0 = Debug|Any CPU
		{6DCDF07E-4D1D-47A8-8719-2C40E1039CA5}.Release|Any CPU.ActiveCfg = Release|Any CPU
		{6DCDF07E-4D1D-47A8-8719-2C40E1039CA5}.Release|Any CPU.Build.0 = Release|Any CPU
		{97B32BEF-D0FC-4D81-AA54-EF5DE7B9B477}.Debug|Any CPU.ActiveCfg = Debug|Any CPU
		{97B32BEF-D0FC-4D81-AA54-EF5DE7B9B477}.Debug|Any CPU.Build.0 = Debug|Any CPU
		{97B32BEF-D0FC-4D81-AA54-EF5DE7B9B477}.Release|Any CPU.ActiveCfg = Release|Any CPU
		{97B32BEF-D0FC-4D81-AA54-EF5DE7B9B477}.Release|Any CPU.Build.0 = Release|Any CPU
		{5AD19831-DBB5-432E-AC12-AB436C718B92}.Debug|Any CPU.ActiveCfg = Debug|Any CPU
		{5AD19831-DBB5-432E-AC12-AB436C718B92}.Debug|Any CPU.Build.0 = Debug|Any CPU
		{5AD19831-DBB5-432E-AC12-AB436C718B92}.Release|Any CPU.ActiveCfg = Release|Any CPU
		{5AD19831-DBB5-432E-AC12-AB436C718B92}.Release|Any CPU.Build.0 = Release|Any CPU
		{3F7F5D31-4AD1-439F-93B7-B6871DACCA00}.Debug|Any CPU.ActiveCfg = Debug|Any CPU
		{3F7F5D31-4AD1-439F-93B7-B6871DACCA00}.Debug|Any CPU.Build.0 = Debug|Any CPU
		{3F7F5D31-4AD1-439F-93B7-B6871DACCA00}.Release|Any CPU.ActiveCfg = Release|Any CPU
		{3F7F5D31-4AD1-439F-93B7-B6871DACCA00}.Release|Any CPU.Build.0 = Release|Any CPU
	EndGlobalSection
	GlobalSection(SolutionProperties) = preSolution
		HideSolutionNode = FALSE
	EndGlobalSection
	GlobalSection(NestedProjects) = preSolution
		{BFBD8C74-E8BF-43ED-89D7-4EDE08B67858} = {02EA681E-C7D8-13C7-8484-4AC65E1B71E8}
		{FAE0D6A2-EC4A-49D6-84C6-DAB7A6E1CCB8} = {02EA681E-C7D8-13C7-8484-4AC65E1B71E8}
		{CC02AFF3-9860-4B2E-9B0F-7510F08557F1} = {02EA681E-C7D8-13C7-8484-4AC65E1B71E8}
		{71C89ECC-0071-4CC3-95D3-F68D7BB4FC9B} = {F2029B8C-A259-48FA-B1ED-FEB405D7845B}
		{39B44100-523B-4021-8564-998796847C2E} = {F2029B8C-A259-48FA-B1ED-FEB405D7845B}
		{D7FEC070-56B2-481C-8BEA-5584B4623599} = {F2029B8C-A259-48FA-B1ED-FEB405D7845B}
		{ED81A680-4CDE-4951-896B-C15BAE8DBC5D} = {C15E6F83-708F-4D88-B7C3-144CC52B0802}
		{147210F2-62D0-4FD1-9851-201411F91DFC} = {C15E6F83-708F-4D88-B7C3-144CC52B0802}
		{6DCDF07E-4D1D-47A8-8719-2C40E1039CA5} = {C15E6F83-708F-4D88-B7C3-144CC52B0802}
		{97B32BEF-D0FC-4D81-AA54-EF5DE7B9B477} = {2DB8CD40-BF60-4CEF-985D-E4CF91F1EB4D}
		{5AD19831-DBB5-432E-AC12-AB436C718B92} = {2DB8CD40-BF60-4CEF-985D-E4CF91F1EB4D}
		{3F7F5D31-4AD1-439F-93B7-B6871DACCA00} = {2DB8CD40-BF60-4CEF-985D-E4CF91F1EB4D}
	EndGlobalSection
	GlobalSection(ExtensibilityGlobals) = postSolution
		SolutionGuid = {9357AC07-9DD9-458B-8AF7-9D5A90943ABA}
	EndGlobalSection
EndGlobal
