
Microsoft Visual Studio Solution File, Format Version 12.00
# Visual Studio Version 17
VisualStudioVersion = 17.14.37614.0
MinimumVisualStudioVersion = 10.0.40219.1
Project("{2150E333-8FDC-42A3-9474-1A3956D46DE8}") = "Task2", "Task2", "{C15E6F83-708F-4D88-B7C3-144CC52B0802}"
EndProject
Project("{FAE04EC0-301F-11D3-BF4B-00C04F79EFBC}") = "Tyuiu.TaranIV.Sprint1.Task2.V21", "Tyuiu.TaranIV.Sprint1.Task2.V21\Tyuiu.TaranIV.Sprint1.Task2.V21.csproj", "{ED81A680-4CDE-4951-896B-C15BAE8DBC5D}"
EndProject
Project("{FAE04EC0-301F-11D3-BF4B-00C04F79EFBC}") = "Tyuiu.TaranIV.Sprint1.Task2.V21.Lib", "Tyuiu.TaranIV.Sprint1.Task2.V21.Lib\Tyuiu.TaranIV.Sprint1.Task2.V21.Lib.csproj", "{147210F2-62D0-4FD1-9851-201411F91DFC}"
EndProject
Project("{FAE04EC0-301F-11D3-BF4B-00C04F79EFBC}") = "Tyuiu.TaranIV.Sprint1.Task2.V21.Test", "Tyuiu.TaranIV.Sprint1.Task2.V21.Test\Tyuiu.TaranIV.Sprint1.Task2.V21.Test.csproj", "{6DCDF07E-4D1D-47A8-8719-2C40E1039CA5}"
EndProject
Project("{2150E333-8FDC-42A3-9474-1A3956D46DE8}") = "Task3", "Task3", "{2DB8CD40-BF60-4CEF-985D-E4CF91F1EB4D}"
EndProject
Project("{FAE04EC0-301F-11D3-BF4B-00C04F79EFBC}") = "Tyuiu.TaranIV.Sprint1.Task3.V12", "Tyuiu.TaranIV.Sprint1.Task3.V12\Tyuiu.TaranIV.Sprint1.Task3.V12.csproj", "{97B32BEF-D0FC-4D81-AA54-EF5DE7B9B477}"
EndProject
Project("{FAE04EC0-301F-11D3-BF4B-00C04F79EFBC}") = "Tyuiu.TaranIV.Sprint1.Task3.V12.Lib", "Tyuiu.TaranIV.Sprint1.Task3.V12.Lib\Tyuiu.TaranIV.Sprint1.Task3.V12.Lib.csproj", "{5AD19831-DBB5-432E-AC12-AB436C718B92}"
EndProject
Project("{FAE04EC0-301F-11D3-BF4B-00C04F79EFBC}") = "Tyuiu.TaranIV.Sprint1.Task3.V12.Test", "Tyuiu.TaranIV.Sprint1.Task3.V12.Test\Tyuiu.TaranIV.Sprint1.Task3.V12.Test.csproj", "{3F7F5D31-4AD1-439F-93B7-B6871DACCA00}"
EndProject
Project("{2150E333-8FDC-42A3-9474-1A3956D46DE8}") = "Task4", "Task4", "{913EEB82-734A-413A-8CF2-AEEA4F95B91B}"
EndProject
Project("{FAE04EC0-301F-11D3-BF4B-00C04F79EFBC}") = "Tyuiu.TaranIV.Sprint1.Task4.V23", "Tyuiu.TaranIV.Sprint1.Task4.V23\Tyuiu.TaranIV.Sprint1.Task4.V23.csproj", "{BBAC9E21-D551-48B4-A0E2-CEF6BF7C3B91}"
EndProject
Project("{FAE04EC0-301F-11D3-BF4B-00C04F79EFBC}") = "Tyuiu.TaranIV.Sprint1.Task4.V23.Lib", "Tyuiu.TaranIV.Sprint1.Task4.V23.Lib\Tyuiu.TaranIV.Sprint1.Task4.V23.Lib.csproj", "{7DD2EA58-7398-439B-B2E2-43D1A9E5927B}"
EndProject
Project("{FAE04EC0-301F-11D3-BF4B-00C04F79EFBC}") = "Tyuiu.TaranIV.Sprint1.Task4.V23.Test", "Tyuiu.TaranIV.Sprint1.Task4.V23.Test\Tyuiu.TaranIV.Sprint1.Task4.V23.Test.csproj", "{3D84BF7C-F5B9-432B-A173-19576445DFA7}"
EndProject
Project("{FAE04EC0-301F-11D3-BF4B-00C04F79EFBC}") = "Tyuiu.TaranIV.Sprint1.Task5.V5", "Tyuiu.TaranIV.Sprint1.Task5.V5\Tyuiu.TaranIV.Sprint1.Task5.V5.csproj", "{EA9C9BD8-F556-4FBC-BCF8-ED07FCB119FC}"
EndProject
Project("{2150E333-8FDC-42A3-9474-1A3956D46DE8}") = "Task5", "Task5", "{153CE7C5-9BC1-4ABF-BD0E-6367D31460F3}"
EndProject
Project("{FAE04EC0-301F-11D3-BF4B-00C04F79EFBC}") = "Tyuiu.TaranIV.Sprint1.Task5.V5.Lib", "Tyuiu.TaranIV.Sprint1.Task5.V5.Lib\Tyuiu.TaranIV.Sprint1.Task5.V5.Lib.csproj", "{210891AE-A9D7-4C7F-BFB4-EA16FF8597BD}"
EndProject
Project("{FAE04EC0-301F-11D3-BF4B-00C04F79EFBC}") = "Tyuiu.TaranIV.Sprint1.Task5.V5.Test", "Tyuiu.TaranIV.Sprint1.Task5.V5.Test\Tyuiu.TaranIV.Sprint1.Task5.V5.Test.csproj", "{11AF2555-B8D8-4DB9-9E5A-702428476B7D}"
EndProject
Project("{2150E333-8FDC-42A3-9474-1A3956D46DE8}") = "Task0", "Task0", "{BA97FD6D-A8A0-49C1-81C9-8D083CF97F6F}"
EndProject
Project("{FAE04EC0-301F-11D3-BF4B-00C04F79EFBC}") = "Tyuiu.TaranIV.Sprint1.Task0.V28", "Tyuiu.TaranIV.Sprint1.Task0.V28\Tyuiu.TaranIV.Sprint1.Task0.V28.csproj", "{10A30E1E-4D3D-4A13-AB37-AAD59A526924}"
EndProject
Project("{FAE04EC0-301F-11D3-BF4B-00C04F79EFBC}") = "Tyuiu.TaranIV.Sprint1.Task0.V28.Lib", "Tyuiu.TaranIV.Sprint1.Task0.V28.Lib\Tyuiu.TaranIV.Sprint1.Task0.V28.Lib.csproj", "{BC8B9EBA-1DC3-4BBB-96D4-B6BDFE9C638C}"
EndProject
Project("{FAE04EC0-301F-11D3-BF4B-00C04F79EFBC}") = "Tyuiu.TaranIV.Sprint1.Task0.V28.Test", "Tyuiu.TaranIV.Sprint1.Task0.V28.Test\Tyuiu.TaranIV.Sprint1.Task0.V28.Test.csproj", "{581A6346-E6E0-4F16-9818-DA28D4251E9E}"
EndProject
Project("{2150E333-8FDC-42A3-9474-1A3956D46DE8}") = "Task1", "Task1", "{02EA681E-C7D8-13C7-8484-4AC65E1B71E8}"
EndProject
Project("{FAE04EC0-301F-11D3-BF4B-00C04F79EFBC}") = "Tyuiu.TaranIV.Sprint1.Task1.V17", "Tyuiu.TaranIV.Sprint1.Task1.V17\Tyuiu.TaranIV.Sprint1.Task1.V17.csproj", "{3DEB50A9-55C5-4940-AE14-1F23DDE953EA}"
EndProject
Project("{FAE04EC0-301F-11D3-BF4B-00C04F79EFBC}") = "Tyuiu.TaranIV.Sprint1.Task1.V17.Lib", "Tyuiu.TaranIV.Sprint1.Task1.V17.Lib\Tyuiu.TaranIV.Sprint1.Task1.V17.Lib.csproj", "{44647203-7BF1-4B1D-B158-1A4F6523BB85}"
EndProject
Project("{FAE04EC0-301F-11D3-BF4B-00C04F79EFBC}") = "Tyuiu.TaranIV.Sprint1.Task1.V17.Test", "Tyuiu.TaranIV.Sprint1.Task1.V17.Test\Tyuiu.TaranIV.Sprint1.Task1.V17.Test.csproj", "{0A57EEF1-E8D4-4A3A-A7A4-33658693E128}"
EndProject
Global
	GlobalSection(SolutionConfigurationPlatforms) = preSolution
		Debug|Any CPU = Debug|Any CPU
		Release|Any CPU = Release|Any CPU
	EndGlobalSection
	GlobalSection(ProjectConfigurationPlatforms) = postSolution
		{ED81A680-4CDE-4951-896B-C15BAE8DBC5D}.Debug|Any CPU.ActiveCfg = Debug|Any CPU
		{ED81A680-4CDE-4951-896B-C15BAE8DBC5D}.Debug|Any CPU.Build.0 = Debug|Any CPU
		{ED81A680-4CDE-4951-896B-C15BAE8DBC5D}.Release|Any CPU.ActiveCfg = Release|Any CPU
		{ED81A680-4CDE-4951-896B-C15BAE8DBC5D}.Release|Any CPU.Build.0 = Release|Any CPU
		{147210F2-62D0-4FD1-9851-201411F91DFC}.Debug|Any CPU.ActiveCfg = Debug|Any CPU
		{147210F2-62D0-4FD1-9851-201411F91DFC}.Debug|Any CPU.Build.0 = Debug|Any CPU
		{147210F2-62D0-4FD1-9851-201411F91DFC}.Release|Any CPU.ActiveCfg = Release|Any CPU
		{147210F2-62D0-4FD1-9851-201411F91DFC}.Release|Any CPU.Build.0 = Release|Any CPU
		{6DCDF07E-4D1D-47A8-8719-2C40E1039CA5}.Debug|Any CPU.ActiveCfg = Debug|Any CPU
		{6DCDF07E-4D1D-47A8-8719-2C40E1039CA5}.Debug|Any CPU.Build.0 = Debug|Any CPU
		{6DCDF07E-4D1D-47A8-8719-2C40E1039CA5}.Release|Any CPU.ActiveCfg = Release|Any CPU
		{6DCDF07E-4D1D-47A8-8719-2C40E1039CA5}.Release|Any CPU.Build.0 = Release|Any CPU
		{97B32BEF-D0FC-4D81-AA54-EF5DE7B9B477}.Debug|Any CPU.ActiveCfg = Debug|Any CPU
		{97B32BEF-D0FC-4D81-AA54-EF5DE7B9B477}.Debug|Any CPU.Build.0 = Debug|Any CPU
		{97B32BEF-D0FC-4D81-AA54-EF5DE7B9B477}.Release|Any CPU.ActiveCfg = Release|Any CPU
		{97B32BEF-D0FC-4D81-AA54-EF5DE7B9B477}.Release|Any CPU.Build.0 = Release|Any CPU
		{5AD19831-DBB5-432E-AC12-AB436C718B92}.Debug|Any CPU.ActiveCfg = Debug|Any CPU
		{5AD19831-DBB5-432E-AC12-AB436C718B92}.Debug|Any CPU.Build.0 = Debug|Any CPU
		{5AD19831-DBB5-432E-AC12-AB436C718B92}.Release|Any CPU.ActiveCfg = Release|Any CPU
		{5AD19831-DBB5-432E-AC12-AB436C718B92}.Release|Any CPU.Build.0 = Release|Any CPU
		{3F7F5D31-4AD1-439F-93B7-B6871DACCA00}.Debug|Any CPU.ActiveCfg = Debug|Any CPU
		{3F7F5D31-4AD1-439F-93B7-B6871DACCA00}.Debug|Any CPU.Build.0 = Debug|Any CPU
		{3F7F5D31-4AD1-439F-93B7-B6871DACCA00}.Release|Any CPU.ActiveCfg = Release|Any CPU
		{3F7F5D31-4AD1-439F-93B7-B6871DACCA00}.Release|Any CPU.Build.0 = Release|Any CPU
		{BBAC9E21-D551-48B4-A0E2-CEF6BF7C3B91}.Debug|Any CPU.ActiveCfg = Debug|Any CPU
		{BBAC9E21-D551-48B4-A0E2-CEF6BF7C3B91}.Debug|Any CPU.Build.0 = Debug|Any CPU
		{BBAC9E21-D551-48B4-A0E2-CEF6BF7C3B91}.Release|Any CPU.ActiveCfg = Release|Any CPU
		{BBAC9E21-D551-48B4-A0E2-CEF6BF7C3B91}.Release|Any CPU.Build.0 = Release|Any CPU
		{7DD2EA58-7398-439B-B2E2-43D1A9E5927B}.Debug|Any CPU.ActiveCfg = Debug|Any CPU
		{7DD2EA58-7398-439B-B2E2-43D1A9E5927B}.Debug|Any CPU.Build.0 = Debug|Any CPU
		{7DD2EA58-7398-439B-B2E2-43D1A9E5927B}.Release|Any CPU.ActiveCfg = Release|Any CPU
		{7DD2EA58-7398-439B-B2E2-43D1A9E5927B}.Release|Any CPU.Build.0 = Release|Any CPU
		{3D84BF7C-F5B9-432B-A173-19576445DFA7}.Debug|Any CPU.ActiveCfg = Debug|Any CPU
		{3D84BF7C-F5B9-432B-A173-19576445DFA7}.Debug|Any CPU.Build.0 = Debug|Any CPU
		{3D84BF7C-F5B9-432B-A173-19576445DFA7}.Release|Any CPU.ActiveCfg = Release|Any CPU
		{3D84BF7C-F5B9-432B-A173-19576445DFA7}.Release|Any CPU.Build.0 = Release|Any CPU
		{EA9C9BD8-F556-4FBC-BCF8-ED07FCB119FC}.Debug|Any CPU.ActiveCfg = Debug|Any CPU
		{EA9C9BD8-F556-4FBC-BCF8-ED07FCB119FC}.Debug|Any CPU.Build.0 = Debug|Any CPU
		{EA9C9BD8-F556-4FBC-BCF8-ED07FCB119FC}.Release|Any CPU.ActiveCfg = Release|Any CPU
		{EA9C9BD8-F556-4FBC-BCF8-ED07FCB119FC}.Release|Any CPU.Build.0 = Release|Any CPU
		{210891AE-A9D7-4C7F-BFB4-EA16FF8597BD}.Debug|Any CPU.ActiveCfg = Debug|Any CPU
		{210891AE-A9D7-4C7F-BFB4-EA16FF8597BD}.Debug|Any CPU.Build.0 = Debug|Any CPU
		{210891AE-A9D7-4C7F-BFB4-EA16FF8597BD}.Release|Any CPU.ActiveCfg = Release|Any CPU
		{210891AE-A9D7-4C7F-BFB4-EA16FF8597BD}.Release|Any CPU.Build.0 = Release|Any CPU
		{11AF2555-B8D8-4DB9-9E5A-702428476B7D}.Debug|Any CPU.ActiveCfg = Debug|Any CPU
		{11AF2555-B8D8-4DB9-9E5A-702428476B7D}.Debug|Any CPU.Build.0 = Debug|Any CPU
		{11AF2555-B8D8-4DB9-9E5A-702428476B7D}.Release|Any CPU.ActiveCfg = Release|Any CPU
		{11AF2555-B8D8-4DB9-9E5A-702428476B7D}.Release|Any CPU.Build.0 = Release|Any CPU
		{10A30E1E-4D3D-4A13-AB37-AAD59A526924}.Debug|Any CPU.ActiveCfg = Debug|Any CPU
		{10A30E1E-4D3D-4A13-AB37-AAD59A526924}.Debug|Any CPU.Build.0 = Debug|Any CPU
		{10A30E1E-4D3D-4A13-AB37-AAD59A526924}.Release|Any CPU.ActiveCfg = Release|Any CPU
		{10A30E1E-4D3D-4A13-AB37-AAD59A526924}.Release|Any CPU.Build.0 = Release|Any CPU
		{BC8B9EBA-1DC3-4BBB-96D4-B6BDFE9C638C}.Debug|Any CPU.ActiveCfg = Debug|Any CPU
		{BC8B9EBA-1DC3-4BBB-96D4-B6BDFE9C638C}.Debug|Any CPU.Build.0 = Debug|Any CPU
		{BC8B9EBA-1DC3-4BBB-96D4-B6BDFE9C638C}.Release|Any CPU.ActiveCfg = Release|Any CPU
		{BC8B9EBA-1DC3-4BBB-96D4-B6BDFE9C638C}.Release|Any CPU.Build.0 = Release|Any CPU
		{581A6346-E6E0-4F16-9818-DA28D4251E9E}.Debug|Any CPU.ActiveCfg = Debug|Any CPU
		{581A6346-E6E0-4F16-9818-DA28D4251E9E}.Debug|Any CPU.Build.0 = Debug|Any CPU
		{581A6346-E6E0-4F16-9818-DA28D4251E9E}.Release|Any CPU.ActiveCfg = Release|Any CPU
		{581A6346-E6E0-4F16-9818-DA28D4251E9E}.Release|Any CPU.Build.0 = Release|Any CPU
		{3DEB50A9-55C5-4940-AE14-1F23DDE953EA}.Debug|Any CPU.ActiveCfg = Debug|Any CPU
		{3DEB50A9-55C5-4940-AE14-1F23DDE953EA}.Debug|Any CPU.Build.0 = Debug|Any CPU
		{3DEB50A9-55C5-4940-AE14-1F23DDE953EA}.Release|Any CPU.ActiveCfg = Release|Any CPU
		{3DEB50A9-55C5-4940-AE14-1F23DDE953EA}.Release|Any CPU.Build.0 = Release|Any CPU
		{44647203-7BF1-4B1D-B158-1A4F6523BB85}.Debug|Any CPU.ActiveCfg = Debug|Any CPU
		{44647203-7BF1-4B1D-B158-1A4F6523BB85}.Debug|Any CPU.Build.0 = Debug|Any CPU
		{44647203-7BF1-4B1D-B158-1A4F6523BB85}.Release|Any CPU.ActiveCfg = Release|Any CPU
		{44647203-7BF1-4B1D-B158-1A4F6523BB85}.Release|Any CPU.Build.0 = Release|Any CPU
		{0A57EEF1-E8D4-4A3A-A7A4-33658693E128}.Debug|Any CPU.ActiveCfg = Debug|Any CPU
		{0A57EEF1-E8D4-4A3A-A7A4-33658693E128}.Debug|Any CPU.Build.0 = Debug|Any CPU
		{0A57EEF1-E8D4-4A3A-A7A4-33658693E128}.Release|Any CPU.ActiveCfg = Release|Any CPU
		{0A57EEF1-E8D4-4A3A-A7A4-33658693E128}.Release|Any CPU.Build.0 = Release|Any CPU
	EndGlobalSection
	GlobalSection(SolutionProperties) = preSolution
		HideSolutionNode = FALSE
	EndGlobalSection
	GlobalSection(NestedProjects) = preSolution
		{ED81A680-4CDE-4951-896B-C15BAE8DBC5D} = {C15E6F83-708F-4D88-B7C3-144CC52B0802}
		{147210F2-62D0-4FD1-9851-201411F91DFC} = {C15E6F83-708F-4D88-B7C3-144CC52B0802}
		{6DCDF07E-4D1D-47A8-8719-2C40E1039CA5} = {C15E6F83-708F-4D88-B7C3-144CC52B0802}
		{97B32BEF-D0FC-4D81-AA54-EF5DE7B9B477} = {2DB8CD40-BF60-4CEF-985D-E4CF91F1EB4D}
		{5AD19831-DBB5-432E-AC12-AB436C718B92} = {2DB8CD40-BF60-4CEF-985D-E4CF91F1EB4D}
		{3F7F5D31-4AD1-439F-93B7-B6871DACCA00} = {2DB8CD40-BF60-4CEF-985D-E4CF91F1EB4D}
		{BBAC9E21-D551-48B4-A0E2-CEF6BF7C3B91} = {913EEB82-734A-413A-8CF2-AEEA4F95B91B}
		{7DD2EA58-7398-439B-B2E2-43D1A9E5927B} = {913EEB82-734A-413A-8CF2-AEEA4F95B91B}
		{3D84BF7C-F5B9-432B-A173-19576445DFA7} = {913EEB82-734A-413A-8CF2-AEEA4F95B91B}
		{EA9C9BD8-F556-4FBC-BCF8-ED07FCB119FC} = {153CE7C5-9BC1-4ABF-BD0E-6367D31460F3}
		{210891AE-A9D7-4C7F-BFB4-EA16FF8597BD} = {153CE7C5-9BC1-4ABF-BD0E-6367D31460F3}
		{11AF2555-B8D8-4DB9-9E5A-702428476B7D} = {153CE7C5-9BC1-4ABF-BD0E-6367D31460F3}
		{10A30E1E-4D3D-4A13-AB37-AAD59A526924} = {BA97FD6D-A8A0-49C1-81C9-8D083CF97F6F}
		{BC8B9EBA-1DC3-4BBB-96D4-B6BDFE9C638C} = {BA97FD6D-A8A0-49C1-81C9-8D083CF97F6F}
		{581A6346-E6E0-4F16-9818-DA28D4251E9E} = {BA97FD6D-A8A0-49C1-81C9-8D083CF97F6F}
		{3DEB50A9-55C5-4940-AE14-1F23DDE953EA} = {02EA681E-C7D8-13C7-8484-4AC65E1B71E8}
		{44647203-7BF1-4B1D-B158-1A4F6523BB85} = {02EA681E-C7D8-13C7-8484-4AC65E1B71E8}
		{0A57EEF1-E8D4-4A3A-A7A4-33658693E128} = {02EA681E-C7D8-13C7-8484-4AC65E1B71E8}
	EndGlobalSection
	GlobalSection(ExtensibilityGlobals) = postSolution
		SolutionGuid = {9357AC07-9DD9-458B-8AF7-9D5A90943ABA}
	EndGlobalSection
EndGlobal
